
Microsoft Visual Studio Solution File, Format Version 12.00
# Visual Studio Version 16
VisualStudioVersion = 16.0.29709.97
MinimumVisualStudioVersion = 10.0.40219.1
Project("{9A19103F-16F7-4668-BE54-9A1E7A4F7556}") = "EarablesBLE", "EarablesBLE\EarablesBLE.csproj", "{EC4164A7-7AF3-4E77-B855-40BBFE2DAD53}"
EndProject
Project("{FAE04EC0-301F-11D3-BF4B-00C04F79EFBC}") = "XUnitTest", "XUnitTest\XUnitTest.csproj", "{8DF84281-D1C2-4C3A-9E14-9D9AA4354363}"
EndProject
Global
	GlobalSection(SolutionConfigurationPlatforms) = preSolution
		Debug|Any CPU = Debug|Any CPU
		Release|Any CPU = Release|Any CPU
	EndGlobalSection
	GlobalSection(ProjectConfigurationPlatforms) = postSolution
		{EC4164A7-7AF3-4E77-B855-40BBFE2DAD53}.Debug|Any CPU.ActiveCfg = Debug|Any CPU
		{EC4164A7-7AF3-4E77-B855-40BBFE2DAD53}.Debug|Any CPU.Build.0 = Debug|Any CPU
		{EC4164A7-7AF3-4E77-B855-40BBFE2DAD53}.Release|Any CPU.ActiveCfg = Release|Any CPU
		{EC4164A7-7AF3-4E77-B855-40BBFE2DAD53}.Release|Any CPU.Build.0 = Release|Any CPU
		{8DF84281-D1C2-4C3A-9E14-9D9AA4354363}.Debug|Any CPU.ActiveCfg = Debug|Any CPU
		{8DF84281-D1C2-4C3A-9E14-9D9AA4354363}.Debug|Any CPU.Build.0 = Debug|Any CPU
		{8DF84281-D1C2-4C3A-9E14-9D9AA4354363}.Release|Any CPU.ActiveCfg = Release|Any CPU
		{8DF84281-D1C2-4C3A-9E14-9D9AA4354363}.Release|Any CPU.Build.0 = Release|Any CPU
	EndGlobalSection
	GlobalSection(SolutionProperties) = preSolution
		HideSolutionNode = FALSE
	EndGlobalSection
	GlobalSection(ExtensibilityGlobals) = postSolution
		SolutionGuid = {FCE6A6F4-041B-42B2-931C-4D7FA4F81F3B}
	EndGlobalSection
EndGlobal
